
Microsoft Visual Studio Solution File, Format Version 12.00
# Visual Studio 15
VisualStudioVersion = 15.0.27004.2005
MinimumVisualStudioVersion = 10.0.40219.1
Project("{8BC9CEB8-8B4A-11D0-8D11-00A0C91BC942}") = "GameJam", "GameJam\GameJam.vcxproj", "{A5DD87D2-690F-4D2C-9E1A-A1492B91094B}"
EndProject
Global
	GlobalSection(SolutionConfigurationPlatforms) = preSolution
		Debug|x64 = Debug|x64
		Debug|x86 = Debug|x86
		Release|x64 = Release|x64
		Release|x86 = Release|x86
	EndGlobalSection
	GlobalSection(ProjectConfigurationPlatforms) = postSolution
		{A5DD87D2-690F-4D2C-9E1A-A1492B91094B}.Debug|x64.ActiveCfg = Debug|x64
		{A5DD87D2-690F-4D2C-9E1A-A1492B91094B}.Debug|x64.Build.0 = Debug|x64
		{A5DD87D2-690F-4D2C-9E1A-A1492B91094B}.Debug|x86.ActiveCfg = Debug|Win32
		{A5DD87D2-690F-4D2C-9E1A-A1492B91094B}.Debug|x86.Build.0 = Debug|Win32
		{A5DD87D2-690F-4D2C-9E1A-A1492B91094B}.Release|x64.ActiveCfg = Release|x64
		{A5DD87D2-690F-4D2C-9E1A-A1492B91094B}.Release|x64.Build.0 = Release|x64
		{A5DD87D2-690F-4D2C-9E1A-A1492B91094B}.Release|x86.ActiveCfg = Release|Win32
		{A5DD87D2-690F-4D2C-9E1A-A1492B91094B}.Release|x86.Build.0 = Release|Win32
	EndGlobalSection
	GlobalSection(SolutionProperties) = preSolution
		HideSolutionNode = FALSE
	EndGlobalSection
	GlobalSection(ExtensibilityGlobals) = postSolution
		SolutionGuid = {999CD696-7A69-4F1A-A9A0-75E1B3EFB55F}
	EndGlobalSection
EndGlobal
